// !$*UTF8*$!
{
	archiveVersion = 1;
	classes = {
	};
	objectVersion = 56;
	objects = {

/* Begin PBXBuildFile section */
		4ED579892DA9BB7D008AF791 /* Child_Wellness_TrackerApp.swift in Sources */ = {isa = PBXBuildFile; fileRef = 4ED579882DA9BB7D008AF791 /* Child_Wellness_TrackerApp.swift */; };
		4ED5798B2DA9BB7D008AF791 /* ContentView.swift in Sources */ = {isa = PBXBuildFile; fileRef = 4ED5798A2DA9BB7D008AF791 /* ContentView.swift */; };
		4ED5798D2DA9BB7F008AF791 /* Assets.xcassets in Resources */ = {isa = PBXBuildFile; fileRef = 4ED5798C2DA9BB7F008AF791 /* Assets.xcassets */; };
		4ED579902DA9BB7F008AF791 /* Preview Assets.xcassets in Resources */ = {isa = PBXBuildFile; fileRef = 4ED5798F2DA9BB7F008AF791 /* Preview Assets.xcassets */; };
		4ED579972DA9BC0D008AF791 /* HomeView.swift in Sources */ = {isa = PBXBuildFile; fileRef = 4ED579962DA9BC0D008AF791 /* HomeView.swift */; };
		4ED5799A2DA9BC86008AF791 /* Child.swift in Sources */ = {isa = PBXBuildFile; fileRef = 4ED579992DA9BC86008AF791 /* Child.swift */; };
		4ED579A12DA9BCBA008AF791 /* ChildButton.swift in Sources */ = {isa = PBXBuildFile; fileRef = 4ED579A02DA9BCBA008AF791 /* ChildButton.swift */; };
		4ED579A32DA9BCC4008AF791 /* OverviewCard.swift in Sources */ = {isa = PBXBuildFile; fileRef = 4ED579A22DA9BCC4008AF791 /* OverviewCard.swift */; };
		4ED579A52DA9BCCD008AF791 /* WeekDayView.swift in Sources */ = {isa = PBXBuildFile; fileRef = 4ED579A42DA9BCCD008AF791 /* WeekDayView.swift */; };
		4ED579A72DA9BCD5008AF791 /* ScheduleItemView.swift in Sources */ = {isa = PBXBuildFile; fileRef = 4ED579A62DA9BCD5008AF791 /* ScheduleItemView.swift */; };
		4ED579A92DA9BCE8008AF791 /* CustomTabBar.swift in Sources */ = {isa = PBXBuildFile; fileRef = 4ED579A82DA9BCE8008AF791 /* CustomTabBar.swift */; };
		4ED579AB2DA9BD23008AF791 /* DataManager.swift in Sources */ = {isa = PBXBuildFile; fileRef = 4ED579AA2DA9BD23008AF791 /* DataManager.swift */; };
		4ED579AD2DA9BDCA008AF791 /* Tab.swift in Sources */ = {isa = PBXBuildFile; fileRef = 4ED579AC2DA9BDCA008AF791 /* Tab.swift */; };
		4ED579B12DA9BEBC008AF791 /* EventDot.swift in Sources */ = {isa = PBXBuildFile; fileRef = 4ED579B02DA9BEBC008AF791 /* EventDot.swift */; };
		4ED579B32DA9BF68008AF791 /* Medication.swift in Sources */ = {isa = PBXBuildFile; fileRef = 4ED579B22DA9BF68008AF791 /* Medication.swift */; };
		4ED579B52DA9BF81008AF791 /* Appointment.swift in Sources */ = {isa = PBXBuildFile; fileRef = 4ED579B42DA9BF81008AF791 /* Appointment.swift */; };
		4ED579B72DA9BF90008AF791 /* Vaccination.swift in Sources */ = {isa = PBXBuildFile; fileRef = 4ED579B62DA9BF90008AF791 /* Vaccination.swift */; };
		4ED579B92DA9C0F7008AF791 /* CalendarView.swift in Sources */ = {isa = PBXBuildFile; fileRef = 4ED579B82DA9C0F7008AF791 /* CalendarView.swift */; };
		4ED579BC2DA9C21C008AF791 /* SelectAppointmentTypeView.swift in Sources */ = {isa = PBXBuildFile; fileRef = 4ED579BB2DA9C21C008AF791 /* SelectAppointmentTypeView.swift */; };
		4ED579BE2DA9C22E008AF791 /* AppointmentTypeButton.swift in Sources */ = {isa = PBXBuildFile; fileRef = 4ED579BD2DA9C22E008AF791 /* AppointmentTypeButton.swift */; };
		4ED579C02DA9C23F008AF791 /* SelectLocationView.swift in Sources */ = {isa = PBXBuildFile; fileRef = 4ED579BF2DA9C23F008AF791 /* SelectLocationView.swift */; };
		4ED579C22DA9C24C008AF791 /* HospitalListItem.swift in Sources */ = {isa = PBXBuildFile; fileRef = 4ED579C12DA9C24C008AF791 /* HospitalListItem.swift */; };
		4ED579C42DA9C259008AF791 /* SelectDateTimeView.swift in Sources */ = {isa = PBXBuildFile; fileRef = 4ED579C32DA9C259008AF791 /* SelectDateTimeView.swift */; };
		4ED579C82DA9C550008AF791 /* AddTrackingItemView.swift in Sources */ = {isa = PBXBuildFile; fileRef = 4ED579C72DA9C550008AF791 /* AddTrackingItemView.swift */; };
/* End PBXBuildFile section */

/* Begin PBXFileReference section */
		4ED579852DA9BB7D008AF791 /* Child Wellness Tracker.app */ = {isa = PBXFileReference; explicitFileType = wrapper.application; includeInIndex = 0; path = "Child Wellness Tracker.app"; sourceTree = BUILT_PRODUCTS_DIR; };
		4ED579882DA9BB7D008AF791 /* Child_Wellness_TrackerApp.swift */ = {isa = PBXFileReference; lastKnownFileType = sourcecode.swift; path = Child_Wellness_TrackerApp.swift; sourceTree = "<group>"; };
		4ED5798A2DA9BB7D008AF791 /* ContentView.swift */ = {isa = PBXFileReference; lastKnownFileType = sourcecode.swift; path = ContentView.swift; sourceTree = "<group>"; };
		4ED5798C2DA9BB7F008AF791 /* Assets.xcassets */ = {isa = PBXFileReference; lastKnownFileType = folder.assetcatalog; path = Assets.xcassets; sourceTree = "<group>"; };
		4ED5798F2DA9BB7F008AF791 /* Preview Assets.xcassets */ = {isa = PBXFileReference; lastKnownFileType = folder.assetcatalog; path = "Preview Assets.xcassets"; sourceTree = "<group>"; };
		4ED579962DA9BC0D008AF791 /* HomeView.swift */ = {isa = PBXFileReference; lastKnownFileType = sourcecode.swift; path = HomeView.swift; sourceTree = "<group>"; };
		4ED579992DA9BC86008AF791 /* Child.swift */ = {isa = PBXFileReference; lastKnownFileType = sourcecode.swift; path = Child.swift; sourceTree = "<group>"; };
		4ED579A02DA9BCBA008AF791 /* ChildButton.swift */ = {isa = PBXFileReference; lastKnownFileType = sourcecode.swift; path = ChildButton.swift; sourceTree = "<group>"; };
		4ED579A22DA9BCC4008AF791 /* OverviewCard.swift */ = {isa = PBXFileReference; lastKnownFileType = sourcecode.swift; path = OverviewCard.swift; sourceTree = "<group>"; };
		4ED579A42DA9BCCD008AF791 /* WeekDayView.swift */ = {isa = PBXFileReference; lastKnownFileType = sourcecode.swift; path = WeekDayView.swift; sourceTree = "<group>"; };
		4ED579A62DA9BCD5008AF791 /* ScheduleItemView.swift */ = {isa = PBXFileReference; lastKnownFileType = sourcecode.swift; path = ScheduleItemView.swift; sourceTree = "<group>"; };
		4ED579A82DA9BCE8008AF791 /* CustomTabBar.swift */ = {isa = PBXFileReference; lastKnownFileType = sourcecode.swift; path = CustomTabBar.swift; sourceTree = "<group>"; };
		4ED579AA2DA9BD23008AF791 /* DataManager.swift */ = {isa = PBXFileReference; lastKnownFileType = sourcecode.swift; path = DataManager.swift; sourceTree = "<group>"; };
		4ED579AC2DA9BDCA008AF791 /* Tab.swift */ = {isa = PBXFileReference; lastKnownFileType = sourcecode.swift; path = Tab.swift; sourceTree = "<group>"; };
		4ED579B02DA9BEBC008AF791 /* EventDot.swift */ = {isa = PBXFileReference; lastKnownFileType = sourcecode.swift; path = EventDot.swift; sourceTree = "<group>"; };
		4ED579B22DA9BF68008AF791 /* Medication.swift */ = {isa = PBXFileReference; lastKnownFileType = sourcecode.swift; path = Medication.swift; sourceTree = "<group>"; };
		4ED579B42DA9BF81008AF791 /* Appointment.swift */ = {isa = PBXFileReference; lastKnownFileType = sourcecode.swift; path = Appointment.swift; sourceTree = "<group>"; };
		4ED579B62DA9BF90008AF791 /* Vaccination.swift */ = {isa = PBXFileReference; lastKnownFileType = sourcecode.swift; path = Vaccination.swift; sourceTree = "<group>"; };
		4ED579B82DA9C0F7008AF791 /* CalendarView.swift */ = {isa = PBXFileReference; lastKnownFileType = sourcecode.swift; path = CalendarView.swift; sourceTree = "<group>"; };
		4ED579BB2DA9C21C008AF791 /* SelectAppointmentTypeView.swift */ = {isa = PBXFileReference; lastKnownFileType = sourcecode.swift; path = SelectAppointmentTypeView.swift; sourceTree = "<group>"; };
		4ED579BD2DA9C22E008AF791 /* AppointmentTypeButton.swift */ = {isa = PBXFileReference; lastKnownFileType = sourcecode.swift; path = AppointmentTypeButton.swift; sourceTree = "<group>"; };
		4ED579BF2DA9C23F008AF791 /* SelectLocationView.swift */ = {isa = PBXFileReference; lastKnownFileType = sourcecode.swift; path = SelectLocationView.swift; sourceTree = "<group>"; };
		4ED579C12DA9C24C008AF791 /* HospitalListItem.swift */ = {isa = PBXFileReference; lastKnownFileType = sourcecode.swift; path = HospitalListItem.swift; sourceTree = "<group>"; };
		4ED579C32DA9C259008AF791 /* SelectDateTimeView.swift */ = {isa = PBXFileReference; lastKnownFileType = sourcecode.swift; path = SelectDateTimeView.swift; sourceTree = "<group>"; };
		4ED579C72DA9C550008AF791 /* AddTrackingItemView.swift */ = {isa = PBXFileReference; lastKnownFileType = sourcecode.swift; path = AddTrackingItemView.swift; sourceTree = "<group>"; };
/* End PBXFileReference section */

/* Begin PBXFrameworksBuildPhase section */
		4ED579822DA9BB7D008AF791 /* Frameworks */ = {
			isa = PBXFrameworksBuildPhase;
			buildActionMask = 2147483647;
			files = (
			);
			runOnlyForDeploymentPostprocessing = 0;
		};
/* End PBXFrameworksBuildPhase section */

/* Begin PBXGroup section */
		4ED5797C2DA9BB7D008AF791 = {
			isa = PBXGroup;
			children = (
				4ED579872DA9BB7D008AF791 /* Child Wellness Tracker */,
				4ED579862DA9BB7D008AF791 /* Products */,
			);
			sourceTree = "<group>";
		};
		4ED579862DA9BB7D008AF791 /* Products */ = {
			isa = PBXGroup;
			children = (
				4ED579852DA9BB7D008AF791 /* Child Wellness Tracker.app */,
			);
			name = Products;
			sourceTree = "<group>";
		};
		4ED579872DA9BB7D008AF791 /* Child Wellness Tracker */ = {
			isa = PBXGroup;
			children = (
				4ED579BA2DA9C208008AF791 /* Views */,
				4ED5799F2DA9BCB0008AF791 /* Components */,
				4ED579982DA9BC79008AF791 /* Models */,
				4ED579882DA9BB7D008AF791 /* Child_Wellness_TrackerApp.swift */,
				4ED5798C2DA9BB7F008AF791 /* Assets.xcassets */,
				4ED5798E2DA9BB7F008AF791 /* Preview Content */,
				4ED579AA2DA9BD23008AF791 /* DataManager.swift */,
			);
			path = "Child Wellness Tracker";
			sourceTree = "<group>";
		};
		4ED5798E2DA9BB7F008AF791 /* Preview Content */ = {
			isa = PBXGroup;
			children = (
				4ED5798F2DA9BB7F008AF791 /* Preview Assets.xcassets */,
			);
			path = "Preview Content";
			sourceTree = "<group>";
		};
		4ED579982DA9BC79008AF791 /* Models */ = {
			isa = PBXGroup;
			children = (
				4ED579992DA9BC86008AF791 /* Child.swift */,
				4ED579B02DA9BEBC008AF791 /* EventDot.swift */,
				4ED579B22DA9BF68008AF791 /* Medication.swift */,
				4ED579B42DA9BF81008AF791 /* Appointment.swift */,
				4ED579B62DA9BF90008AF791 /* Vaccination.swift */,
			);
			path = Models;
			sourceTree = "<group>";
		};
		4ED5799F2DA9BCB0008AF791 /* Components */ = {
			isa = PBXGroup;
			children = (
				4ED579A02DA9BCBA008AF791 /* ChildButton.swift */,
				4ED579A22DA9BCC4008AF791 /* OverviewCard.swift */,
				4ED579A42DA9BCCD008AF791 /* WeekDayView.swift */,
				4ED579A62DA9BCD5008AF791 /* ScheduleItemView.swift */,
				4ED579A82DA9BCE8008AF791 /* CustomTabBar.swift */,
				4ED579AC2DA9BDCA008AF791 /* Tab.swift */,
			);
			path = Components;
			sourceTree = "<group>";
		};
		4ED579BA2DA9C208008AF791 /* Views */ = {
			isa = PBXGroup;
			children = (
				4ED5798A2DA9BB7D008AF791 /* ContentView.swift */,
				4ED579B82DA9C0F7008AF791 /* CalendarView.swift */,
				4ED579962DA9BC0D008AF791 /* HomeView.swift */,
				4ED579BB2DA9C21C008AF791 /* SelectAppointmentTypeView.swift */,
				4ED579BD2DA9C22E008AF791 /* AppointmentTypeButton.swift */,
				4ED579BF2DA9C23F008AF791 /* SelectLocationView.swift */,
				4ED579C12DA9C24C008AF791 /* HospitalListItem.swift */,
				4ED579C32DA9C259008AF791 /* SelectDateTimeView.swift */,
				4ED579C72DA9C550008AF791 /* AddTrackingItemView.swift */,
			);
			path = Views;
			sourceTree = "<group>";
		};
/* End PBXGroup section */

/* Begin PBXNativeTarget section */
		4ED579842DA9BB7D008AF791 /* Child Wellness Tracker */ = {
			isa = PBXNativeTarget;
			buildConfigurationList = 4ED579932DA9BB7F008AF791 /* Build configuration list for PBXNativeTarget "Child Wellness Tracker" */;
			buildPhases = (
				4ED579812DA9BB7D008AF791 /* Sources */,
				4ED579822DA9BB7D008AF791 /* Frameworks */,
				4ED579832DA9BB7D008AF791 /* Resources */,
			);
			buildRules = (
			);
			dependencies = (
			);
			name = "Child Wellness Tracker";
			productName = "Child Wellness Tracker";
			productReference = 4ED579852DA9BB7D008AF791 /* Child Wellness Tracker.app */;
			productType = "com.apple.product-type.application";
		};
/* End PBXNativeTarget section */

/* Begin PBXProject section */
		4ED5797D2DA9BB7D008AF791 /* Project object */ = {
			isa = PBXProject;
			attributes = {
				BuildIndependentTargetsInParallel = 1;
				LastSwiftUpdateCheck = 1530;
				LastUpgradeCheck = 1530;
				TargetAttributes = {
					4ED579842DA9BB7D008AF791 = {
						CreatedOnToolsVersion = 15.3;
					};
				};
			};
			buildConfigurationList = 4ED579802DA9BB7D008AF791 /* Build configuration list for PBXProject "Child Wellness Tracker" */;
			compatibilityVersion = "Xcode 14.0";
			developmentRegion = en;
			hasScannedForEncodings = 0;
			knownRegions = (
				en,
				Base,
			);
			mainGroup = 4ED5797C2DA9BB7D008AF791;
			productRefGroup = 4ED579862DA9BB7D008AF791 /* Products */;
			projectDirPath = "";
			projectRoot = "";
			targets = (
				4ED579842DA9BB7D008AF791 /* Child Wellness Tracker */,
			);
		};
/* End PBXProject section */

/* Begin PBXResourcesBuildPhase section */
		4ED579832DA9BB7D008AF791 /* Resources */ = {
			isa = PBXResourcesBuildPhase;
			buildActionMask = 2147483647;
			files = (
				4ED579902DA9BB7F008AF791 /* Preview Assets.xcassets in Resources */,
				4ED5798D2DA9BB7F008AF791 /* Assets.xcassets in Resources */,
			);
			runOnlyForDeploymentPostprocessing = 0;
		};
/* End PBXResourcesBuildPhase section */

/* Begin PBXSourcesBuildPhase section */
		4ED579812DA9BB7D008AF791 /* Sources */ = {
			isa = PBXSourcesBuildPhase;
			buildActionMask = 2147483647;
			files = (
				4ED579C82DA9C550008AF791 /* AddTrackingItemView.swift in Sources */,
				4ED579A72DA9BCD5008AF791 /* ScheduleItemView.swift in Sources */,
				4ED579BC2DA9C21C008AF791 /* SelectAppointmentTypeView.swift in Sources */,
				4ED579B72DA9BF90008AF791 /* Vaccination.swift in Sources */,
				4ED579C02DA9C23F008AF791 /* SelectLocationView.swift in Sources */,
				4ED579B92DA9C0F7008AF791 /* CalendarView.swift in Sources */,
				4ED579A32DA9BCC4008AF791 /* OverviewCard.swift in Sources */,
				4ED579C42DA9C259008AF791 /* SelectDateTimeView.swift in Sources */,
				4ED579BE2DA9C22E008AF791 /* AppointmentTypeButton.swift in Sources */,
				4ED579A52DA9BCCD008AF791 /* WeekDayView.swift in Sources */,
				4ED579B32DA9BF68008AF791 /* Medication.swift in Sources */,
				4ED579AD2DA9BDCA008AF791 /* Tab.swift in Sources */,
				4ED579B52DA9BF81008AF791 /* Appointment.swift in Sources */,
				4ED579A12DA9BCBA008AF791 /* ChildButton.swift in Sources */,
				4ED579C22DA9C24C008AF791 /* HospitalListItem.swift in Sources */,
				4ED579972DA9BC0D008AF791 /* HomeView.swift in Sources */,
				4ED579B12DA9BEBC008AF791 /* EventDot.swift in Sources */,
				4ED5798B2DA9BB7D008AF791 /* ContentView.swift in Sources */,
				4ED579A92DA9BCE8008AF791 /* CustomTabBar.swift in Sources */,
				4ED5799A2DA9BC86008AF791 /* Child.swift in Sources */,
				4ED579AB2DA9BD23008AF791 /* DataManager.swift in Sources */,
				4ED579892DA9BB7D008AF791 /* Child_Wellness_TrackerApp.swift in Sources */,
			);
			runOnlyForDeploymentPostprocessing = 0;
		};
/* End PBXSourcesBuildPhase section */

/* Begin XCBuildConfiguration section */
		4ED579912DA9BB7F008AF791 /* Debug */ = {
			isa = XCBuildConfiguration;
			buildSettings = {
				ALWAYS_SEARCH_USER_PATHS = NO;
				ASSETCATALOG_COMPILER_GENERATE_SWIFT_ASSET_SYMBOL_EXTENSIONS = YES;
				CLANG_ANALYZER_NONNULL = YES;
				CLANG_ANALYZER_NUMBER_OBJECT_CONVERSION = YES_AGGRESSIVE;
				CLANG_CXX_LANGUAGE_STANDARD = "gnu++20";
				CLANG_ENABLE_MODULES = YES;
				CLANG_ENABLE_OBJC_ARC = YES;
				CLANG_ENABLE_OBJC_WEAK = YES;
				CLANG_WARN_BLOCK_CAPTURE_AUTORELEASING = YES;
				CLANG_WARN_BOOL_CONVERSION = YES;
				CLANG_WARN_COMMA = YES;
				CLANG_WARN_CONSTANT_CONVERSION = YES;
				CLANG_WARN_DEPRECATED_OBJC_IMPLEMENTATIONS = YES;
				CLANG_WARN_DIRECT_OBJC_ISA_USAGE = YES_ERROR;
				CLANG_WARN_DOCUMENTATION_COMMENTS = YES;
				CLANG_WARN_EMPTY_BODY = YES;
				CLANG_WARN_ENUM_CONVERSION = YES;
				CLANG_WARN_INFINITE_RECURSION = YES;
				CLANG_WARN_INT_CONVERSION = YES;
				CLANG_WARN_NON_LITERAL_NULL_CONVERSION = YES;
				CLANG_WARN_OBJC_IMPLICIT_RETAIN_SELF = YES;
				CLANG_WARN_OBJC_LITERAL_CONVERSION = YES;
				CLANG_WARN_OBJC_ROOT_CLASS = YES_ERROR;
				CLANG_WARN_QUOTED_INCLUDE_IN_FRAMEWORK_HEADER = YES;
				CLANG_WARN_RANGE_LOOP_ANALYSIS = YES;
				CLANG_WARN_STRICT_PROTOTYPES = YES;
				CLANG_WARN_SUSPICIOUS_MOVE = YES;
				CLANG_WARN_UNGUARDED_AVAILABILITY = YES_AGGRESSIVE;
				CLANG_WARN_UNREACHABLE_CODE = YES;
				CLANG_WARN__DUPLICATE_METHOD_MATCH = YES;
				COPY_PHASE_STRIP = NO;
				DEBUG_INFORMATION_FORMAT = dwarf;
				ENABLE_STRICT_OBJC_MSGSEND = YES;
				ENABLE_TESTABILITY = YES;
				ENABLE_USER_SCRIPT_SANDBOXING = YES;
				GCC_C_LANGUAGE_STANDARD = gnu17;
				GCC_DYNAMIC_NO_PIC = NO;
				GCC_NO_COMMON_BLOCKS = YES;
				GCC_OPTIMIZATION_LEVEL = 0;
				GCC_PREPROCESSOR_DEFINITIONS = (
					"DEBUG=1",
					"$(inherited)",
				);
				GCC_WARN_64_TO_32_BIT_CONVERSION = YES;
				GCC_WARN_ABOUT_RETURN_TYPE = YES_ERROR;
				GCC_WARN_UNDECLARED_SELECTOR = YES;
				GCC_WARN_UNINITIALIZED_AUTOS = YES_AGGRESSIVE;
				GCC_WARN_UNUSED_FUNCTION = YES;
				GCC_WARN_UNUSED_VARIABLE = YES;
				IPHONEOS_DEPLOYMENT_TARGET = 17.4;
				LOCALIZATION_PREFERS_STRING_CATALOGS = YES;
				MTL_ENABLE_DEBUG_INFO = INCLUDE_SOURCE;
				MTL_FAST_MATH = YES;
				ONLY_ACTIVE_ARCH = YES;
				SDKROOT = iphoneos;
				SWIFT_ACTIVE_COMPILATION_CONDITIONS = "DEBUG $(inherited)";
				SWIFT_OPTIMIZATION_LEVEL = "-Onone";
			};
			name = Debug;
		};
		4ED579922DA9BB7F008AF791 /* Release */ = {
			isa = XCBuildConfiguration;
			buildSettings = {
				ALWAYS_SEARCH_USER_PATHS = NO;
				ASSETCATALOG_COMPILER_GENERATE_SWIFT_ASSET_SYMBOL_EXTENSIONS = YES;
				CLANG_ANALYZER_NONNULL = YES;
				CLANG_ANALYZER_NUMBER_OBJECT_CONVERSION = YES_AGGRESSIVE;
				CLANG_CXX_LANGUAGE_STANDARD = "gnu++20";
				CLANG_ENABLE_MODULES = YES;
				CLANG_ENABLE_OBJC_ARC = YES;
				CLANG_ENABLE_OBJC_WEAK = YES;
				CLANG_WARN_BLOCK_CAPTURE_AUTORELEASING = YES;
				CLANG_WARN_BOOL_CONVERSION = YES;
				CLANG_WARN_COMMA = YES;
				CLANG_WARN_CONSTANT_CONVERSION = YES;
				CLANG_WARN_DEPRECATED_OBJC_IMPLEMENTATIONS = YES;
				CLANG_WARN_DIRECT_OBJC_ISA_USAGE = YES_ERROR;
				CLANG_WARN_DOCUMENTATION_COMMENTS = YES;
				CLANG_WARN_EMPTY_BODY = YES;
				CLANG_WARN_ENUM_CONVERSION = YES;
				CLANG_WARN_INFINITE_RECURSION = YES;
				CLANG_WARN_INT_CONVERSION = YES;
				CLANG_WARN_NON_LITERAL_NULL_CONVERSION = YES;
				CLANG_WARN_OBJC_IMPLICIT_RETAIN_SELF = YES;
				CLANG_WARN_OBJC_LITERAL_CONVERSION = YES;
				CLANG_WARN_OBJC_ROOT_CLASS = YES_ERROR;
				CLANG_WARN_QUOTED_INCLUDE_IN_FRAMEWORK_HEADER = YES;
				CLANG_WARN_RANGE_LOOP_ANALYSIS = YES;
				CLANG_WARN_STRICT_PROTOTYPES = YES;
				CLANG_WARN_SUSPICIOUS_MOVE = YES;
				CLANG_WARN_UNGUARDED_AVAILABILITY = YES_AGGRESSIVE;
				CLANG_WARN_UNREACHABLE_CODE = YES;
				CLANG_WARN__DUPLICATE_METHOD_MATCH = YES;
				COPY_PHASE_STRIP = NO;
				DEBUG_INFORMATION_FORMAT = "dwarf-with-dsym";
				ENABLE_NS_ASSERTIONS = NO;
				ENABLE_STRICT_OBJC_MSGSEND = YES;
				ENABLE_USER_SCRIPT_SANDBOXING = YES;
				GCC_C_LANGUAGE_STANDARD = gnu17;
				GCC_NO_COMMON_BLOCKS = YES;
				GCC_WARN_64_TO_32_BIT_CONVERSION = YES;
				GCC_WARN_ABOUT_RETURN_TYPE = YES_ERROR;
				GCC_WARN_UNDECLARED_SELECTOR = YES;
				GCC_WARN_UNINITIALIZED_AUTOS = YES_AGGRESSIVE;
				GCC_WARN_UNUSED_FUNCTION = YES;
				GCC_WARN_UNUSED_VARIABLE = YES;
				IPHONEOS_DEPLOYMENT_TARGET = 17.4;
				LOCALIZATION_PREFERS_STRING_CATALOGS = YES;
				MTL_ENABLE_DEBUG_INFO = NO;
				MTL_FAST_MATH = YES;
				SDKROOT = iphoneos;
				SWIFT_COMPILATION_MODE = wholemodule;
				VALIDATE_PRODUCT = YES;
			};
			name = Release;
		};
		4ED579942DA9BB7F008AF791 /* Debug */ = {
			isa = XCBuildConfiguration;
			buildSettings = {
				ASSETCATALOG_COMPILER_APPICON_NAME = AppIcon;
				ASSETCATALOG_COMPILER_GLOBAL_ACCENT_COLOR_NAME = AccentColor;
				CODE_SIGN_STYLE = Automatic;
				CURRENT_PROJECT_VERSION = 1;
				DEVELOPMENT_ASSET_PATHS = "\"Child Wellness Tracker/Preview Content\"";
				DEVELOPMENT_TEAM = F39NV4S6S3;
				ENABLE_PREVIEWS = YES;
				GENERATE_INFOPLIST_FILE = YES;
				INFOPLIST_KEY_UIApplicationSceneManifest_Generation = YES;
				INFOPLIST_KEY_UIApplicationSupportsIndirectInputEvents = YES;
				INFOPLIST_KEY_UILaunchScreen_Generation = YES;
				INFOPLIST_KEY_UISupportedInterfaceOrientations_iPad = "UIInterfaceOrientationPortrait UIInterfaceOrientationPortraitUpsideDown UIInterfaceOrientationLandscapeLeft UIInterfaceOrientationLandscapeRight";
				INFOPLIST_KEY_UISupportedInterfaceOrientations_iPhone = "UIInterfaceOrientationPortrait UIInterfaceOrientationLandscapeLeft UIInterfaceOrientationLandscapeRight";
				LD_RUNPATH_SEARCH_PATHS = (
					"$(inherited)",
					"@executable_path/Frameworks",
				);
				MARKETING_VERSION = 1.0;
				PRODUCT_BUNDLE_IDENTIFIER = "WellnessWizards.Child-Wellness-Tracker";
				PRODUCT_NAME = "$(TARGET_NAME)";
				SWIFT_EMIT_LOC_STRINGS = YES;
				SWIFT_VERSION = 5.0;
				TARGETED_DEVICE_FAMILY = "1,2";
			};
			name = Debug;
		};
		4ED579952DA9BB7F008AF791 /* Release */ = {
			isa = XCBuildConfiguration;
			buildSettings = {
				ASSETCATALOG_COMPILER_APPICON_NAME = AppIcon;
				ASSETCATALOG_COMPILER_GLOBAL_ACCENT_COLOR_NAME = AccentColor;
				CODE_SIGN_STYLE = Automatic;
				CURRENT_PROJECT_VERSION = 1;
				DEVELOPMENT_ASSET_PATHS = "\"Child Wellness Tracker/Preview Content\"";
				DEVELOPMENT_TEAM = F39NV4S6S3;
				ENABLE_PREVIEWS = YES;
				GENERATE_INFOPLIST_FILE = YES;
				INFOPLIST_KEY_UIApplicationSceneManifest_Generation = YES;
				INFOPLIST_KEY_UIApplicationSupportsIndirectInputEvents = YES;
				INFOPLIST_KEY_UILaunchScreen_Generation = YES;
				INFOPLIST_KEY_UISupportedInterfaceOrientations_iPad = "UIInterfaceOrientationPortrait UIInterfaceOrientationPortraitUpsideDown UIInterfaceOrientationLandscapeLeft UIInterfaceOrientationLandscapeRight";
				INFOPLIST_KEY_UISupportedInterfaceOrientations_iPhone = "UIInterfaceOrientationPortrait UIInterfaceOrientationLandscapeLeft UIInterfaceOrientationLandscapeRight";
				LD_RUNPATH_SEARCH_PATHS = (
					"$(inherited)",
					"@executable_path/Frameworks",
				);
				MARKETING_VERSION = 1.0;
				PRODUCT_BUNDLE_IDENTIFIER = "WellnessWizards.Child-Wellness-Tracker";
				PRODUCT_NAME = "$(TARGET_NAME)";
				SWIFT_EMIT_LOC_STRINGS = YES;
				SWIFT_VERSION = 5.0;
				TARGETED_DEVICE_FAMILY = "1,2";
			};
			name = Release;
		};
/* End XCBuildConfiguration section */

/* Begin XCConfigurationList section */
		4ED579802DA9BB7D008AF791 /* Build configuration list for PBXProject "Child Wellness Tracker" */ = {
			isa = XCConfigurationList;
			buildConfigurations = (
				4ED579912DA9BB7F008AF791 /* Debug */,
				4ED579922DA9BB7F008AF791 /* Release */,
			);
			defaultConfigurationIsVisible = 0;
			defaultConfigurationName = Release;
		};
		4ED579932DA9BB7F008AF791 /* Build configuration list for PBXNativeTarget "Child Wellness Tracker" */ = {
			isa = XCConfigurationList;
			buildConfigurations = (
				4ED579942DA9BB7F008AF791 /* Debug */,
				4ED579952DA9BB7F008AF791 /* Release */,
			);
			defaultConfigurationIsVisible = 0;
			defaultConfigurationName = Release;
		};
/* End XCConfigurationList section */
	};
	rootObject = 4ED5797D2DA9BB7D008AF791 /* Project object */;
}
